
Microsoft Visual Studio Solution File, Format Version 12.00
# Visual Studio Version 16
VisualStudioVersion = 16.0.28516.95
MinimumVisualStudioVersion = 10.0.40219.1
Project("{9A19103F-16F7-4668-BE54-9A1E7A4F7556}") = "chinese-dos-games", "chinese-dos-games\chinese-dos-games.csproj", "{13F83A73-3A65-4ED2-93F6-AC5FE14C0973}"
EndProject
Global
	GlobalSection(SolutionConfigurationPlatforms) = preSolution
		Debug|Any CPU = Debug|Any CPU
		Release|Any CPU = Release|Any CPU
	EndGlobalSection
	GlobalSection(ProjectConfigurationPlatforms) = postSolution
		{13F83A73-3A65-4ED2-93F6-AC5FE14C0973}.Debug|Any CPU.ActiveCfg = Debug|Any CPU
		{13F83A73-3A65-4ED2-93F6-AC5FE14C0973}.Debug|Any CPU.Build.0 = Debug|Any CPU
		{13F83A73-3A65-4ED2-93F6-AC5FE14C0973}.Release|Any CPU.ActiveCfg = Release|Any CPU
		{13F83A73-3A65-4ED2-93F6-AC5FE14C0973}.Release|Any CPU.Build.0 = Release|Any CPU
	EndGlobalSection
	GlobalSection(SolutionProperties) = preSolution
		HideSolutionNode = FALSE
	EndGlobalSection
	GlobalSection(ExtensibilityGlobals) = postSolution
		SolutionGuid = {8CD8E19F-7750-4680-B5F3-E7270A672E74}
	EndGlobalSection
EndGlobal
